// !$*UTF8*$!
{
	archiveVersion = 1;
	classes = {
	};
	objectVersion = 46;
	objects = {

/* Begin PBXBuildFile section */
		B052689315874D5500D1C6B5 /* AppleRemote.m in Sources */ = {isa = PBXBuildFile; fileRef = B052688E15874D5500D1C6B5 /* AppleRemote.m */; };
		B052689415874D5500D1C6B5 /* AppleRemoteDelegate.m in Sources */ = {isa = PBXBuildFile; fileRef = B052689015874D5500D1C6B5 /* AppleRemoteDelegate.m */; };
		B052689515874D5500D1C6B5 /* iremotepipe.m in Sources */ = {isa = PBXBuildFile; fileRef = B052689215874D5500D1C6B5 /* iremotepipe.m */; };
		B0B6E5B815873E5D00F95D79 /* Cocoa.framework in Frameworks */ = {isa = PBXBuildFile; fileRef = B0B6E5B715873E5D00F95D79 /* Cocoa.framework */; };
		B0B6E5BA15873E6800F95D79 /* Foundation.framework in Frameworks */ = {isa = PBXBuildFile; fileRef = B0B6E5B915873E6800F95D79 /* Foundation.framework */; };
		B0B6E5BC15873E8100F95D79 /* IOKit.framework in Frameworks */ = {isa = PBXBuildFile; fileRef = B0B6E5BB15873E8100F95D79 /* IOKit.framework */; };
/* End PBXBuildFile section */

/* Begin PBXCopyFilesBuildPhase section */
		B0B6E59A15872C3400F95D79 /* CopyFiles */ = {
			isa = PBXCopyFilesBuildPhase;
			buildActionMask = 2147483647;
			dstPath = "";
			dstSubfolderSpec = 16;
			files = (
			);
			runOnlyForDeploymentPostprocessing = 1;
		};
/* End PBXCopyFilesBuildPhase section */

/* Begin PBXFileReference section */
		B052688D15874D5500D1C6B5 /* AppleRemote.h */ = {isa = PBXFileReference; fileEncoding = 4; lastKnownFileType = sourcecode.c.h; name = AppleRemote.h; path = src/AppleRemote.h; sourceTree = SOURCE_ROOT; };
		B052688E15874D5500D1C6B5 /* AppleRemote.m */ = {isa = PBXFileReference; fileEncoding = 4; lastKnownFileType = sourcecode.c.objc; name = AppleRemote.m; path = src/AppleRemote.m; sourceTree = SOURCE_ROOT; };
		B052688F15874D5500D1C6B5 /* AppleRemoteDelegate.h */ = {isa = PBXFileReference; fileEncoding = 4; lastKnownFileType = sourcecode.c.h; name = AppleRemoteDelegate.h; path = src/AppleRemoteDelegate.h; sourceTree = SOURCE_ROOT; };
		B052689015874D5500D1C6B5 /* AppleRemoteDelegate.m */ = {isa = PBXFileReference; fileEncoding = 4; lastKnownFileType = sourcecode.c.objc; name = AppleRemoteDelegate.m; path = src/AppleRemoteDelegate.m; sourceTree = SOURCE_ROOT; };
		B052689115874D5500D1C6B5 /* CompatibilityFixes.h */ = {isa = PBXFileReference; fileEncoding = 4; lastKnownFileType = sourcecode.c.h; name = CompatibilityFixes.h; path = src/CompatibilityFixes.h; sourceTree = SOURCE_ROOT; };
		B052689215874D5500D1C6B5 /* iremotepipe.m */ = {isa = PBXFileReference; fileEncoding = 4; lastKnownFileType = sourcecode.c.objc; name = iremotepipe.m; path = src/iremotepipe.m; sourceTree = SOURCE_ROOT; };
		B0B6E59C15872C3400F95D79 /* iremotepipe */ = {isa = PBXFileReference; explicitFileType = "compiled.mach-o.executable"; includeInIndex = 0; path = iremotepipe; sourceTree = BUILT_PRODUCTS_DIR; };
		B0B6E5B715873E5D00F95D79 /* Cocoa.framework */ = {isa = PBXFileReference; lastKnownFileType = wrapper.framework; name = Cocoa.framework; path = System/Library/Frameworks/Cocoa.framework; sourceTree = SDKROOT; };
		B0B6E5B915873E6800F95D79 /* Foundation.framework */ = {isa = PBXFileReference; lastKnownFileType = wrapper.framework; name = Foundation.framework; path = System/Library/Frameworks/Foundation.framework; sourceTree = SDKROOT; };
		B0B6E5BB15873E8100F95D79 /* IOKit.framework */ = {isa = PBXFileReference; lastKnownFileType = wrapper.framework; name = IOKit.framework; path = System/Library/Frameworks/IOKit.framework; sourceTree = SDKROOT; };
/* End PBXFileReference section */

/* Begin PBXFrameworksBuildPhase section */
		B0B6E59915872C3400F95D79 /* Frameworks */ = {
			isa = PBXFrameworksBuildPhase;
			buildActionMask = 2147483647;
			files = (
				B0B6E5BC15873E8100F95D79 /* IOKit.framework in Frameworks */,
				B0B6E5BA15873E6800F95D79 /* Foundation.framework in Frameworks */,
				B0B6E5B815873E5D00F95D79 /* Cocoa.framework in Frameworks */,
			);
			runOnlyForDeploymentPostprocessing = 0;
		};
/* End PBXFrameworksBuildPhase section */

/* Begin PBXGroup section */
		B0B6E59115872C3400F95D79 = {
			isa = PBXGroup;
			children = (
				B0B6E5BB15873E8100F95D79 /* IOKit.framework */,
				B0B6E5B915873E6800F95D79 /* Foundation.framework */,
				B0B6E5B715873E5D00F95D79 /* Cocoa.framework */,
				B0B6E59F15872C3400F95D79 /* iremotepipe */,
				B0B6E59D15872C3400F95D79 /* Products */,
			);
			sourceTree = "<group>";
		};
		B0B6E59D15872C3400F95D79 /* Products */ = {
			isa = PBXGroup;
			children = (
				B0B6E59C15872C3400F95D79 /* iremotepipe */,
			);
			name = Products;
			sourceTree = "<group>";
		};
		B0B6E59F15872C3400F95D79 /* iremotepipe */ = {
			isa = PBXGroup;
			children = (
				B052688D15874D5500D1C6B5 /* AppleRemote.h */,
				B052688E15874D5500D1C6B5 /* AppleRemote.m */,
				B052688F15874D5500D1C6B5 /* AppleRemoteDelegate.h */,
				B052689015874D5500D1C6B5 /* AppleRemoteDelegate.m */,
				B052689115874D5500D1C6B5 /* CompatibilityFixes.h */,
				B052689215874D5500D1C6B5 /* iremotepipe.m */,
			);
			path = iremotepipe;
			sourceTree = "<group>";
		};
/* End PBXGroup section */

/* Begin PBXNativeTarget section */
		B0B6E59B15872C3400F95D79 /* iremotepipe */ = {
			isa = PBXNativeTarget;
			buildConfigurationList = B0B6E5A615872C3400F95D79 /* Build configuration list for PBXNativeTarget "iremotepipe" */;
			buildPhases = (
				B0B6E59815872C3400F95D79 /* Sources */,
				B0B6E59915872C3400F95D79 /* Frameworks */,
				B0B6E59A15872C3400F95D79 /* CopyFiles */,
			);
			buildRules = (
			);
			dependencies = (
			);
			name = iremotepipe;
			productName = iremotepipe;
			productReference = B0B6E59C15872C3400F95D79 /* iremotepipe */;
			productType = "com.apple.product-type.tool";
		};
/* End PBXNativeTarget section */

/* Begin PBXProject section */
		B0B6E59315872C3400F95D79 /* Project object */ = {
			isa = PBXProject;
			attributes = {
				LastUpgradeCheck = 0420;
			};
			buildConfigurationList = B0B6E59615872C3400F95D79 /* Build configuration list for PBXProject "iremotepipe" */;
			compatibilityVersion = "Xcode 3.2";
			developmentRegion = English;
			hasScannedForEncodings = 0;
			knownRegions = (
				en,
			);
			mainGroup = B0B6E59115872C3400F95D79;
			productRefGroup = B0B6E59D15872C3400F95D79 /* Products */;
			projectDirPath = "";
			projectRoot = "";
			targets = (
				B0B6E59B15872C3400F95D79 /* iremotepipe */,
			);
		};
/* End PBXProject section */

/* Begin PBXSourcesBuildPhase section */
		B0B6E59815872C3400F95D79 /* Sources */ = {
			isa = PBXSourcesBuildPhase;
			buildActionMask = 2147483647;
			files = (
				B052689315874D5500D1C6B5 /* AppleRemote.m in Sources */,
				B052689415874D5500D1C6B5 /* AppleRemoteDelegate.m in Sources */,
				B052689515874D5500D1C6B5 /* iremotepipe.m in Sources */,
			);
			runOnlyForDeploymentPostprocessing = 0;
		};
/* End PBXSourcesBuildPhase section */

/* Begin XCBuildConfiguration section */
		B0B6E5A415872C3400F95D79 /* Debug */ = {
			isa = XCBuildConfiguration;
			buildSettings = {
				ALWAYS_SEARCH_USER_PATHS = NO;
				ARCHS = "$(ARCHS_STANDARD_64_BIT)";
				COPY_PHASE_STRIP = NO;
				GCC_C_LANGUAGE_STANDARD = gnu99;
				GCC_DYNAMIC_NO_PIC = NO;
				GCC_ENABLE_OBJC_EXCEPTIONS = YES;
				GCC_OPTIMIZATION_LEVEL = 0;
				GCC_PREPROCESSOR_DEFINITIONS = (
					"DEBUG=1",
					"$(inherited)",
				);
				GCC_SYMBOLS_PRIVATE_EXTERN = NO;
				GCC_VERSION = com.apple.compilers.llvm.clang.1_0;
				GCC_WARN_64_TO_32_BIT_CONVERSION = YES;
				GCC_WARN_ABOUT_MISSING_PROTOTYPES = YES;
				GCC_WARN_ABOUT_RETURN_TYPE = YES;
				GCC_WARN_UNUSED_VARIABLE = YES;
				MACOSX_DEPLOYMENT_TARGET = 10.7;
				ONLY_ACTIVE_ARCH = YES;
				SDKROOT = macosx;
			};
			name = Debug;
		};
		B0B6E5A515872C3400F95D79 /* Release */ = {
			isa = XCBuildConfiguration;
			buildSettings = {
				ALWAYS_SEARCH_USER_PATHS = NO;
				ARCHS = "$(ARCHS_STANDARD_64_BIT)";
				COPY_PHASE_STRIP = YES;
				DEBUG_INFORMATION_FORMAT = "dwarf-with-dsym";
				GCC_C_LANGUAGE_STANDARD = gnu99;
				GCC_ENABLE_OBJC_EXCEPTIONS = YES;
				GCC_VERSION = com.apple.compilers.llvm.clang.1_0;
				GCC_WARN_64_TO_32_BIT_CONVERSION = YES;
				GCC_WARN_ABOUT_MISSING_PROTOTYPES = YES;
				GCC_WARN_ABOUT_RETURN_TYPE = YES;
				GCC_WARN_UNUSED_VARIABLE = YES;
				MACOSX_DEPLOYMENT_TARGET = 10.7;
				SDKROOT = macosx;
			};
			name = Release;
		};
		B0B6E5A715872C3400F95D79 /* Debug */ = {
			isa = XCBuildConfiguration;
			buildSettings = {
				PRODUCT_NAME = "$(TARGET_NAME)";
			};
			name = Debug;
		};
		B0B6E5A815872C3400F95D79 /* Release */ = {
			isa = XCBuildConfiguration;
			buildSettings = {
				PRODUCT_NAME = "$(TARGET_NAME)";
			};
			name = Release;
		};
/* End XCBuildConfiguration section */

/* Begin XCConfigurationList section */
		B0B6E59615872C3400F95D79 /* Build configuration list for PBXProject "iremotepipe" */ = {
			isa = XCConfigurationList;
			buildConfigurations = (
				B0B6E5A415872C3400F95D79 /* Debug */,
				B0B6E5A515872C3400F95D79 /* Release */,
			);
			defaultConfigurationIsVisible = 0;
			defaultConfigurationName = Release;
		};
		B0B6E5A615872C3400F95D79 /* Build configuration list for PBXNativeTarget "iremotepipe" */ = {
			isa = XCConfigurationList;
			buildConfigurations = (
				B0B6E5A715872C3400F95D79 /* Debug */,
				B0B6E5A815872C3400F95D79 /* Release */,
			);
			defaultConfigurationIsVisible = 0;
			defaultConfigurationName = Release;
		};
/* End XCConfigurationList section */
	};
	rootObject = B0B6E59315872C3400F95D79 /* Project object */;
}
